
Microsoft Visual Studio Solution File, Format Version 12.00
# Visual Studio Version 17
VisualStudioVersion = 17.14.36301.6 d17.14
MinimumVisualStudioVersion = 10.0.40219.1
Project("{FAE04EC0-301F-11D3-BF4B-00C04F79EFBC}") = "BusinessObjects", "BusinessObjects\BusinessObjects.csproj", "{6F6F59FE-3DD4-40EE-B4DC-1D0536BA2F37}"
EndProject
Project("{FAE04EC0-301F-11D3-BF4B-00C04F79EFBC}") = "DataAccessLayer", "DataAccessLayer\DataAccessLayer.csproj", "{1F53639E-70F6-4692-B544-F1D5928E5F8E}"
EndProject
Project("{FAE04EC0-301F-11D3-BF4B-00C04F79EFBC}") = "Repositories", "Repositories\Repositories.csproj", "{81B50003-B590-40C7-9D98-7C9C71450A65}"
EndProject
Project("{FAE04EC0-301F-11D3-BF4B-00C04F79EFBC}") = "Services", "Services\Services.csproj", "{103ADBD7-0FC2-4681-9120-5B4EE6478689}"
EndProject
Project("{FAE04EC0-301F-11D3-BF4B-00C04F79EFBC}") = "WPFApp", "WPFApp\WPFApp.csproj", "{0A075809-8077-44B0-8BD9-7E6CA0414D4E}"
EndProject
Global
	GlobalSection(SolutionConfigurationPlatforms) = preSolution
		Debug|Any CPU = Debug|Any CPU
		Release|Any CPU = Release|Any CPU
	EndGlobalSection
	GlobalSection(ProjectConfigurationPlatforms) = postSolution
		{6F6F59FE-3DD4-40EE-B4DC-1D0536BA2F37}.Debug|Any CPU.ActiveCfg = Debug|Any CPU
		{6F6F59FE-3DD4-40EE-B4DC-1D0536BA2F37}.Debug|Any CPU.Build.0 = Debug|Any CPU
		{6F6F59FE-3DD4-40EE-B4DC-1D0536BA2F37}.Release|Any CPU.ActiveCfg = Release|Any CPU
		{6F6F59FE-3DD4-40EE-B4DC-1D0536BA2F37}.Release|Any CPU.Build.0 = Release|Any CPU
		{1F53639E-70F6-4692-B544-F1D5928E5F8E}.Debug|Any CPU.ActiveCfg = Debug|Any CPU
		{1F53639E-70F6-4692-B544-F1D5928E5F8E}.Debug|Any CPU.Build.0 = Debug|Any CPU
		{1F53639E-70F6-4692-B544-F1D5928E5F8E}.Release|Any CPU.ActiveCfg = Release|Any CPU
		{1F53639E-70F6-4692-B544-F1D5928E5F8E}.Release|Any CPU.Build.0 = Release|Any CPU
		{81B50003-B590-40C7-9D98-7C9C71450A65}.Debug|Any CPU.ActiveCfg = Debug|Any CPU
		{81B50003-B590-40C7-9D98-7C9C71450A65}.Debug|Any CPU.Build.0 = Debug|Any CPU
		{81B50003-B590-40C7-9D98-7C9C71450A65}.Release|Any CPU.ActiveCfg = Release|Any CPU
		{81B50003-B590-40C7-9D98-7C9C71450A65}.Release|Any CPU.Build.0 = Release|Any CPU
		{103ADBD7-0FC2-4681-9120-5B4EE6478689}.Debug|Any CPU.ActiveCfg = Debug|Any CPU
		{103ADBD7-0FC2-4681-9120-5B4EE6478689}.Debug|Any CPU.Build.0 = Debug|Any CPU
		{103ADBD7-0FC2-4681-9120-5B4EE6478689}.Release|Any CPU.ActiveCfg = Release|Any CPU
		{103ADBD7-0FC2-4681-9120-5B4EE6478689}.Release|Any CPU.Build.0 = Release|Any CPU
		{0A075809-8077-44B0-8BD9-7E6CA0414D4E}.Debug|Any CPU.ActiveCfg = Debug|Any CPU
		{0A075809-8077-44B0-8BD9-7E6CA0414D4E}.Debug|Any CPU.Build.0 = Debug|Any CPU
		{0A075809-8077-44B0-8BD9-7E6CA0414D4E}.Release|Any CPU.ActiveCfg = Release|Any CPU
		{0A075809-8077-44B0-8BD9-7E6CA0414D4E}.Release|Any CPU.Build.0 = Release|Any CPU
	EndGlobalSection
	GlobalSection(SolutionProperties) = preSolution
		HideSolutionNode = FALSE
	EndGlobalSection
	GlobalSection(ExtensibilityGlobals) = postSolution
		SolutionGuid = {A13976EA-2E91-44AD-8FB4-5C469E1ED846}
	EndGlobalSection
EndGlobal
